// !$*UTF8*$!
{
	archiveVersion = 1;
	classes = {
	};
	objectVersion = 46;
	objects = {

/* Begin PBXBuildFile section */
		C731719D19873350005F27E6 /* MMConditional.m in Sources */ = {isa = PBXBuildFile; fileRef = C731719C19873350005F27E6 /* MMConditional.m */; };
		C73171A01987348D005F27E6 /* MMCondition.m in Sources */ = {isa = PBXBuildFile; fileRef = C731719F1987348D005F27E6 /* MMCondition.m */; };
		C73171A2198899D2005F27E6 /* MMConditionalTests.m in Sources */ = {isa = PBXBuildFile; fileRef = C73171A1198899D2005F27E6 /* MMConditionalTests.m */; };
		C73171A51991DEE2005F27E6 /* TSTNotebook.m in Sources */ = {isa = PBXBuildFile; fileRef = C73171A41991DEE2005F27E6 /* TSTNotebook.m */; };
		C73171A81992B6CB005F27E6 /* MMRelationshipTests.m in Sources */ = {isa = PBXBuildFile; fileRef = C73171A71992B6CB005F27E6 /* MMRelationshipTests.m */; };
		C733B46B19782D1700116BBC /* MMRecordSet.m in Sources */ = {isa = PBXBuildFile; fileRef = C733B46A19782D1700116BBC /* MMRecordSet.m */; };
		C733B46E197830B100116BBC /* MMRelationshipSet.m in Sources */ = {isa = PBXBuildFile; fileRef = C733B46D197830B100116BBC /* MMRelationshipSet.m */; };
		C733B47119797D6500116BBC /* MMRequest.m in Sources */ = {isa = PBXBuildFile; fileRef = C733B47019797D6500116BBC /* MMRequest.m */; };
		C733B4741979830300116BBC /* MMSQLiteRequest.m in Sources */ = {isa = PBXBuildFile; fileRef = C733B4731979830300116BBC /* MMSQLiteRequest.m */; };
		C7432B191A1D3AE800DEC85F /* MMAttribute.m in Sources */ = {isa = PBXBuildFile; fileRef = C7432B181A1D3AE800DEC85F /* MMAttribute.m */; };
		C74389081963D134000D50AF /* Foundation.framework in Frameworks */ = {isa = PBXBuildFile; fileRef = C74389071963D134000D50AF /* Foundation.framework */; };
		C743890D1963D134000D50AF /* MarshmallowOrmament.h in CopyFiles */ = {isa = PBXBuildFile; fileRef = C743890C1963D134000D50AF /* MarshmallowOrmament.h */; };
		C743890F1963D134000D50AF /* MarshmallowOrmament.m in Sources */ = {isa = PBXBuildFile; fileRef = C743890E1963D134000D50AF /* MarshmallowOrmament.m */; };
		C74389351963E458000D50AF /* MMRecord.m in Sources */ = {isa = PBXBuildFile; fileRef = C74389341963E458000D50AF /* MMRecord.m */; };
		C744E38C196474DC006A1BA5 /* MMORMUtility.m in Sources */ = {isa = PBXBuildFile; fileRef = C744E38B196474DC006A1BA5 /* MMORMUtility.m */; };
		C75E75F319C4E4E100B2B825 /* OrmamentTests-Info.plist in Resources */ = {isa = PBXBuildFile; fileRef = C75E75F219C4E4E100B2B825 /* OrmamentTests-Info.plist */; };
		C765563E198419BE00F7DFDD /* MMRequestTests.m in Sources */ = {isa = PBXBuildFile; fileRef = C765563D198419BE00F7DFDD /* MMRequestTests.m */; };
		C774FA3B1976F40300CDBCB8 /* MMRelationship.m in Sources */ = {isa = PBXBuildFile; fileRef = C774FA3A1976F40300CDBCB8 /* MMRelationship.m */; };
		C787917519812F7800C31EA7 /* MMRelation.m in Sources */ = {isa = PBXBuildFile; fileRef = C787917419812F7800C31EA7 /* MMRelation.m */; };
		C78852C019D701600004D029 /* MMGroupDescriptor.m in Sources */ = {isa = PBXBuildFile; fileRef = C78852BF19D701600004D029 /* MMGroupDescriptor.m */; };
		C78852C319D8AE800004D029 /* MMRequestController.m in Sources */ = {isa = PBXBuildFile; fileRef = C78852C219D8AE800004D029 /* MMRequestController.m */; };
		C789AFA0196EC2FD008BBA72 /* MMResultsSet.m in Sources */ = {isa = PBXBuildFile; fileRef = C789AF9F196EC2FD008BBA72 /* MMResultsSet.m */; };
		C78C42F71A1AA4F4005FB127 /* MMStore.m in Sources */ = {isa = PBXBuildFile; fileRef = C78C42F61A1AA4F4005FB127 /* MMStore.m */; };
		C78C42FD1A1B1CB3005FB127 /* MMSchemaObject.m in Sources */ = {isa = PBXBuildFile; fileRef = C78C42FC1A1B1CB3005FB127 /* MMSchemaObject.m */; };
		C78C43001A1BA2AE005FB127 /* MMOrmMeta.m in Sources */ = {isa = PBXBuildFile; fileRef = C78C42FF1A1BA2AE005FB127 /* MMOrmMeta.m */; };
		C7A0C4F3196598BF009EB4E1 /* MMEntity.m in Sources */ = {isa = PBXBuildFile; fileRef = C7A0C4F2196598BF009EB4E1 /* MMEntity.m */; };
		C7A345FC1965A78A00EC08BB /* MMSQLiteSchema.m in Sources */ = {isa = PBXBuildFile; fileRef = C7A345FB1965A78A00EC08BB /* MMSQLiteSchema.m */; };
		C7A345FF1965A7E100EC08BB /* MMSchema.m in Sources */ = {isa = PBXBuildFile; fileRef = C7A345FE1965A7E100EC08BB /* MMSchema.m */; };
		C7A346081965B46500EC08BB /* Foundation.framework in Frameworks */ = {isa = PBXBuildFile; fileRef = C74389071963D134000D50AF /* Foundation.framework */; };
		C7A3460F1965B46500EC08BB /* InfoPlist.strings in Resources */ = {isa = PBXBuildFile; fileRef = C7A3460D1965B46500EC08BB /* InfoPlist.strings */; };
		C7A346111965B46500EC08BB /* OrmamentTests.m in Sources */ = {isa = PBXBuildFile; fileRef = C7A346101965B46500EC08BB /* OrmamentTests.m */; };
		C7A346181965B4B000EC08BB /* MMSchemaTests.m in Sources */ = {isa = PBXBuildFile; fileRef = C7A0C4EC1965984C009EB4E1 /* MMSchemaTests.m */; };
		C7A3461F1965B9E900EC08BB /* noteit__0_1_0.plist in Resources */ = {isa = PBXBuildFile; fileRef = C7A0C4F41965992C009EB4E1 /* noteit__0_1_0.plist */; };
		C7A346221965C1D900EC08BB /* TSTNote.m in Sources */ = {isa = PBXBuildFile; fileRef = C7A346211965C1D900EC08BB /* TSTNote.m */; };
		C7A346251965C20C00EC08BB /* TSTItem.m in Sources */ = {isa = PBXBuildFile; fileRef = C7A346241965C20C00EC08BB /* TSTItem.m */; };
		C7A346281965C64F00EC08BB /* MMSQLiteStore.m in Sources */ = {isa = PBXBuildFile; fileRef = C7A346271965C64F00EC08BB /* MMSQLiteStore.m */; };
		C7A3462B1965C66100EC08BB /* MMService.m in Sources */ = {isa = PBXBuildFile; fileRef = C7A3462A1965C66100EC08BB /* MMService.m */; };
		C7A3462D1965F09E00EC08BB /* MMORMBootstrapTests.m in Sources */ = {isa = PBXBuildFile; fileRef = C7A3462C1965F09E00EC08BB /* MMORMBootstrapTests.m */; };
		C7A346301965F38400EC08BB /* MMOrmamentManager.m in Sources */ = {isa = PBXBuildFile; fileRef = C7A3462F1965F38400EC08BB /* MMOrmamentManager.m */; };
		C7A346331966E9B100EC08BB /* MMSchemaMigration.m in Sources */ = {isa = PBXBuildFile; fileRef = C7A346321966E9B100EC08BB /* MMSchemaMigration.m */; };
		C7A3463D196B522D00EC08BB /* MMSqliteSchemaMigration.m in Sources */ = {isa = PBXBuildFile; fileRef = C7A3463C196B522D00EC08BB /* MMSqliteSchemaMigration.m */; };
		C7B9C656199DA6FF0036F89B /* MMAutoRelatedEntity.m in Sources */ = {isa = PBXBuildFile; fileRef = C7B9C655199DA6FF0036F89B /* MMAutoRelatedEntity.m */; };
		C7BEB0F2196C8C4900575D45 /* TSTMigration1.m in Sources */ = {isa = PBXBuildFile; fileRef = C7BEB0F1196C8C4900575D45 /* TSTMigration1.m */; };
		C7C3D9FA19EDDAC9000EEE19 /* libMarshmallowOrmament.a in Frameworks */ = {isa = PBXBuildFile; fileRef = C74389041963D134000D50AF /* libMarshmallowOrmament.a */; };
		C7CE8A7F1A180B0400F2CBB0 /* MMCloud.m in Sources */ = {isa = PBXBuildFile; fileRef = C7CE8A7E1A180B0400F2CBB0 /* MMCloud.m */; };
		C7E1FA3B19E7307300AB3842 /* MMMigrationTests.m in Sources */ = {isa = PBXBuildFile; fileRef = C7E1FA3A19E7307300AB3842 /* MMMigrationTests.m */; };
		C7E2F52C19ED72C000B2064F /* noteit__0_2_0.plist in Resources */ = {isa = PBXBuildFile; fileRef = C7CEBE9E19E322A40094E4A8 /* noteit__0_2_0.plist */; };
		C7F2145F196CF05A00002371 /* MMRecordTests.m in Sources */ = {isa = PBXBuildFile; fileRef = C7F2145E196CF05A00002371 /* MMRecordTests.m */; };
		F66B7131FB1946A18756E921 /* libPods.a in Frameworks */ = {isa = PBXBuildFile; fileRef = E5A1237B9E264435AAC8ECB3 /* libPods.a */; };
/* End PBXBuildFile section */

/* Begin PBXContainerItemProxy section */
		C7A3461C1965B73600EC08BB /* PBXContainerItemProxy */ = {
			isa = PBXContainerItemProxy;
			containerPortal = C74388FC1963D134000D50AF /* Project object */;
			proxyType = 1;
			remoteGlobalIDString = C74389031963D134000D50AF;
			remoteInfo = MarshmallowOrmament;
		};
/* End PBXContainerItemProxy section */

/* Begin PBXCopyFilesBuildPhase section */
		C74389021963D134000D50AF /* CopyFiles */ = {
			isa = PBXCopyFilesBuildPhase;
			buildActionMask = 2147483647;
			dstPath = "include/$(PRODUCT_NAME)";
			dstSubfolderSpec = 16;
			files = (
				C743890D1963D134000D50AF /* MarshmallowOrmament.h in CopyFiles */,
			);
			runOnlyForDeploymentPostprocessing = 0;
		};
/* End PBXCopyFilesBuildPhase section */

/* Begin PBXFileReference section */
		B21B32DAD641BEE99523B067 /* Pods.release.xcconfig */ = {isa = PBXFileReference; includeInIndex = 1; lastKnownFileType = text.xcconfig; name = Pods.release.xcconfig; path = "Pods/Target Support Files/Pods/Pods.release.xcconfig"; sourceTree = "<group>"; };
		C731719B19873350005F27E6 /* MMConditional.h */ = {isa = PBXFileReference; fileEncoding = 4; lastKnownFileType = sourcecode.c.h; path = MMConditional.h; sourceTree = "<group>"; };
		C731719C19873350005F27E6 /* MMConditional.m */ = {isa = PBXFileReference; fileEncoding = 4; lastKnownFileType = sourcecode.c.objc; path = MMConditional.m; sourceTree = "<group>"; };
		C731719E1987348D005F27E6 /* MMCondition.h */ = {isa = PBXFileReference; fileEncoding = 4; lastKnownFileType = sourcecode.c.h; path = MMCondition.h; sourceTree = "<group>"; };
		C731719F1987348D005F27E6 /* MMCondition.m */ = {isa = PBXFileReference; fileEncoding = 4; lastKnownFileType = sourcecode.c.objc; path = MMCondition.m; sourceTree = "<group>"; };
		C73171A1198899D2005F27E6 /* MMConditionalTests.m */ = {isa = PBXFileReference; fileEncoding = 4; lastKnownFileType = sourcecode.c.objc; name = MMConditionalTests.m; path = OrmamentTests/MMConditionalTests.m; sourceTree = SOURCE_ROOT; };
		C73171A31991DEE2005F27E6 /* TSTNotebook.h */ = {isa = PBXFileReference; fileEncoding = 4; lastKnownFileType = sourcecode.c.h; path = TSTNotebook.h; sourceTree = "<group>"; };
		C73171A41991DEE2005F27E6 /* TSTNotebook.m */ = {isa = PBXFileReference; fileEncoding = 4; lastKnownFileType = sourcecode.c.objc; path = TSTNotebook.m; sourceTree = "<group>"; };
		C73171A71992B6CB005F27E6 /* MMRelationshipTests.m */ = {isa = PBXFileReference; fileEncoding = 4; lastKnownFileType = sourcecode.c.objc; path = MMRelationshipTests.m; sourceTree = "<group>"; };
		C733B46919782D1700116BBC /* MMRecordSet.h */ = {isa = PBXFileReference; fileEncoding = 4; lastKnownFileType = sourcecode.c.h; path = MMRecordSet.h; sourceTree = "<group>"; };
		C733B46A19782D1700116BBC /* MMRecordSet.m */ = {isa = PBXFileReference; fileEncoding = 4; lastKnownFileType = sourcecode.c.objc; path = MMRecordSet.m; sourceTree = "<group>"; };
		C733B46C197830B100116BBC /* MMRelationshipSet.h */ = {isa = PBXFileReference; fileEncoding = 4; lastKnownFileType = sourcecode.c.h; name = MMRelationshipSet.h; path = MarshmallowOrmament/MMRelationshipSet.h; sourceTree = "<group>"; };
		C733B46D197830B100116BBC /* MMRelationshipSet.m */ = {isa = PBXFileReference; fileEncoding = 4; lastKnownFileType = sourcecode.c.objc; name = MMRelationshipSet.m; path = MarshmallowOrmament/MMRelationshipSet.m; sourceTree = "<group>"; };
		C733B46F19797D6500116BBC /* MMRequest.h */ = {isa = PBXFileReference; fileEncoding = 4; lastKnownFileType = sourcecode.c.h; path = MMRequest.h; sourceTree = "<group>"; };
		C733B47019797D6500116BBC /* MMRequest.m */ = {isa = PBXFileReference; fileEncoding = 4; lastKnownFileType = sourcecode.c.objc; path = MMRequest.m; sourceTree = "<group>"; };
		C733B4721979830300116BBC /* MMSQLiteRequest.h */ = {isa = PBXFileReference; fileEncoding = 4; lastKnownFileType = sourcecode.c.h; name = MMSQLiteRequest.h; path = MarshmallowOrmament/MMSQLiteRequest.h; sourceTree = "<group>"; };
		C733B4731979830300116BBC /* MMSQLiteRequest.m */ = {isa = PBXFileReference; fileEncoding = 4; lastKnownFileType = sourcecode.c.objc; name = MMSQLiteRequest.m; path = MarshmallowOrmament/MMSQLiteRequest.m; sourceTree = "<group>"; };
		C7432B171A1D3AE800DEC85F /* MMAttribute.h */ = {isa = PBXFileReference; fileEncoding = 4; lastKnownFileType = sourcecode.c.h; path = MMAttribute.h; sourceTree = "<group>"; };
		C7432B181A1D3AE800DEC85F /* MMAttribute.m */ = {isa = PBXFileReference; fileEncoding = 4; lastKnownFileType = sourcecode.c.objc; path = MMAttribute.m; sourceTree = "<group>"; };
		C74389041963D134000D50AF /* libMarshmallowOrmament.a */ = {isa = PBXFileReference; explicitFileType = archive.ar; includeInIndex = 0; path = libMarshmallowOrmament.a; sourceTree = BUILT_PRODUCTS_DIR; };
		C74389071963D134000D50AF /* Foundation.framework */ = {isa = PBXFileReference; lastKnownFileType = wrapper.framework; name = Foundation.framework; path = System/Library/Frameworks/Foundation.framework; sourceTree = SDKROOT; };
		C743890B1963D134000D50AF /* MarshmallowOrmament-Prefix.pch */ = {isa = PBXFileReference; lastKnownFileType = sourcecode.c.h; path = "MarshmallowOrmament-Prefix.pch"; sourceTree = "<group>"; };
		C743890C1963D134000D50AF /* MarshmallowOrmament.h */ = {isa = PBXFileReference; lastKnownFileType = sourcecode.c.h; path = MarshmallowOrmament.h; sourceTree = "<group>"; };
		C743890E1963D134000D50AF /* MarshmallowOrmament.m */ = {isa = PBXFileReference; lastKnownFileType = sourcecode.c.objc; path = MarshmallowOrmament.m; sourceTree = "<group>"; };
		C74389151963D134000D50AF /* XCTest.framework */ = {isa = PBXFileReference; lastKnownFileType = wrapper.framework; name = XCTest.framework; path = Library/Frameworks/XCTest.framework; sourceTree = DEVELOPER_DIR; };
		C74389181963D134000D50AF /* UIKit.framework */ = {isa = PBXFileReference; lastKnownFileType = wrapper.framework; name = UIKit.framework; path = Library/Frameworks/UIKit.framework; sourceTree = DEVELOPER_DIR; };
		C743891F1963D134000D50AF /* MarshmallowOrmamentTests-Info.plist */ = {isa = PBXFileReference; lastKnownFileType = text.plist.xml; path = "MarshmallowOrmamentTests-Info.plist"; sourceTree = "<group>"; };
		C74389211963D134000D50AF /* en */ = {isa = PBXFileReference; lastKnownFileType = text.plist.strings; name = en; path = en.lproj/InfoPlist.strings; sourceTree = "<group>"; };
		C74389231963D134000D50AF /* MarshmallowOrmamentTests.m */ = {isa = PBXFileReference; lastKnownFileType = sourcecode.c.objc; path = MarshmallowOrmamentTests.m; sourceTree = "<group>"; };
		C74389311963E0C0000D50AF /* libPods.a */ = {isa = PBXFileReference; lastKnownFileType = archive.ar; name = libPods.a; path = "Pods/build/Debug-iphoneos/libPods.a"; sourceTree = "<group>"; };
		C74389331963E458000D50AF /* MMRecord.h */ = {isa = PBXFileReference; fileEncoding = 4; lastKnownFileType = sourcecode.c.h; path = MMRecord.h; sourceTree = "<group>"; };
		C74389341963E458000D50AF /* MMRecord.m */ = {isa = PBXFileReference; fileEncoding = 4; lastKnownFileType = sourcecode.c.objc; path = MMRecord.m; sourceTree = "<group>"; };
		C744E38A196474DC006A1BA5 /* MMORMUtility.h */ = {isa = PBXFileReference; fileEncoding = 4; lastKnownFileType = sourcecode.c.h; path = MMORMUtility.h; sourceTree = "<group>"; };
		C744E38B196474DC006A1BA5 /* MMORMUtility.m */ = {isa = PBXFileReference; fileEncoding = 4; lastKnownFileType = sourcecode.c.objc; path = MMORMUtility.m; sourceTree = "<group>"; };
		C75E75F219C4E4E100B2B825 /* OrmamentTests-Info.plist */ = {isa = PBXFileReference; lastKnownFileType = text.plist.xml; name = "OrmamentTests-Info.plist"; path = "OrmamentTests/OrmamentTests-Info.plist"; sourceTree = "<group>"; };
		C765563D198419BE00F7DFDD /* MMRequestTests.m */ = {isa = PBXFileReference; fileEncoding = 4; lastKnownFileType = sourcecode.c.objc; path = MMRequestTests.m; sourceTree = "<group>"; };
		C774FA391976F40300CDBCB8 /* MMRelationship.h */ = {isa = PBXFileReference; fileEncoding = 4; lastKnownFileType = sourcecode.c.h; path = MMRelationship.h; sourceTree = "<group>"; };
		C774FA3A1976F40300CDBCB8 /* MMRelationship.m */ = {isa = PBXFileReference; fileEncoding = 4; lastKnownFileType = sourcecode.c.objc; path = MMRelationship.m; sourceTree = "<group>"; };
		C787917319812F7800C31EA7 /* MMRelation.h */ = {isa = PBXFileReference; fileEncoding = 4; lastKnownFileType = sourcecode.c.h; path = MMRelation.h; sourceTree = "<group>"; };
		C787917419812F7800C31EA7 /* MMRelation.m */ = {isa = PBXFileReference; fileEncoding = 4; lastKnownFileType = sourcecode.c.objc; path = MMRelation.m; sourceTree = "<group>"; };
		C78852BE19D701600004D029 /* MMGroupDescriptor.h */ = {isa = PBXFileReference; fileEncoding = 4; lastKnownFileType = sourcecode.c.h; path = MMGroupDescriptor.h; sourceTree = "<group>"; };
		C78852BF19D701600004D029 /* MMGroupDescriptor.m */ = {isa = PBXFileReference; fileEncoding = 4; lastKnownFileType = sourcecode.c.objc; path = MMGroupDescriptor.m; sourceTree = "<group>"; };
		C78852C119D8AE800004D029 /* MMRequestController.h */ = {isa = PBXFileReference; fileEncoding = 4; lastKnownFileType = sourcecode.c.h; path = MMRequestController.h; sourceTree = "<group>"; };
		C78852C219D8AE800004D029 /* MMRequestController.m */ = {isa = PBXFileReference; fileEncoding = 4; lastKnownFileType = sourcecode.c.objc; path = MMRequestController.m; sourceTree = "<group>"; };
		C789AF9E196EC2FD008BBA72 /* MMResultsSet.h */ = {isa = PBXFileReference; fileEncoding = 4; lastKnownFileType = sourcecode.c.h; path = MMResultsSet.h; sourceTree = "<group>"; };
		C789AF9F196EC2FD008BBA72 /* MMResultsSet.m */ = {isa = PBXFileReference; fileEncoding = 4; lastKnownFileType = sourcecode.c.objc; path = MMResultsSet.m; sourceTree = "<group>"; };
		C78C42F51A1AA4F4005FB127 /* MMStore.h */ = {isa = PBXFileReference; fileEncoding = 4; lastKnownFileType = sourcecode.c.h; path = MMStore.h; sourceTree = "<group>"; };
		C78C42F61A1AA4F4005FB127 /* MMStore.m */ = {isa = PBXFileReference; fileEncoding = 4; lastKnownFileType = sourcecode.c.objc; path = MMStore.m; sourceTree = "<group>"; };
		C78C42FB1A1B1CB3005FB127 /* MMSchemaObject.h */ = {isa = PBXFileReference; fileEncoding = 4; lastKnownFileType = sourcecode.c.h; path = MMSchemaObject.h; sourceTree = "<group>"; };
		C78C42FC1A1B1CB3005FB127 /* MMSchemaObject.m */ = {isa = PBXFileReference; fileEncoding = 4; lastKnownFileType = sourcecode.c.objc; path = MMSchemaObject.m; sourceTree = "<group>"; };
		C78C42FE1A1BA2AE005FB127 /* MMOrmMeta.h */ = {isa = PBXFileReference; fileEncoding = 4; lastKnownFileType = sourcecode.c.h; path = MMOrmMeta.h; sourceTree = "<group>"; };
		C78C42FF1A1BA2AE005FB127 /* MMOrmMeta.m */ = {isa = PBXFileReference; fileEncoding = 4; lastKnownFileType = sourcecode.c.objc; path = MMOrmMeta.m; sourceTree = "<group>"; };
		C7A0C4EC1965984C009EB4E1 /* MMSchemaTests.m */ = {isa = PBXFileReference; fileEncoding = 4; lastKnownFileType = sourcecode.c.objc; name = MMSchemaTests.m; path = ../MarshmallowOrmamentTests/MMSchemaTests.m; sourceTree = "<group>"; };
		C7A0C4F1196598BF009EB4E1 /* MMEntity.h */ = {isa = PBXFileReference; fileEncoding = 4; lastKnownFileType = sourcecode.c.h; path = MMEntity.h; sourceTree = "<group>"; };
		C7A0C4F2196598BF009EB4E1 /* MMEntity.m */ = {isa = PBXFileReference; fileEncoding = 4; lastKnownFileType = sourcecode.c.objc; path = MMEntity.m; sourceTree = "<group>"; };
		C7A0C4F41965992C009EB4E1 /* noteit__0_1_0.plist */ = {isa = PBXFileReference; fileEncoding = 4; lastKnownFileType = text.plist.xml; path = noteit__0_1_0.plist; sourceTree = "<group>"; };
		C7A345FA1965A78A00EC08BB /* MMSQLiteSchema.h */ = {isa = PBXFileReference; fileEncoding = 4; lastKnownFileType = sourcecode.c.h; path = MMSQLiteSchema.h; sourceTree = "<group>"; };
		C7A345FB1965A78A00EC08BB /* MMSQLiteSchema.m */ = {isa = PBXFileReference; fileEncoding = 4; lastKnownFileType = sourcecode.c.objc; path = MMSQLiteSchema.m; sourceTree = "<group>"; };
		C7A345FD1965A7E100EC08BB /* MMSchema.h */ = {isa = PBXFileReference; fileEncoding = 4; lastKnownFileType = sourcecode.c.h; path = MMSchema.h; sourceTree = "<group>"; };
		C7A345FE1965A7E100EC08BB /* MMSchema.m */ = {isa = PBXFileReference; fileEncoding = 4; lastKnownFileType = sourcecode.c.objc; path = MMSchema.m; sourceTree = "<group>"; };
		C7A346001965B13100EC08BB /* libPods-FMDB.a */ = {isa = PBXFileReference; lastKnownFileType = archive.ar; name = "libPods-FMDB.a"; path = "Pods/build/Debug-iphoneos/libPods-FMDB.a"; sourceTree = "<group>"; };
		C7A346061965B46500EC08BB /* OrmamentTests.xctest */ = {isa = PBXFileReference; explicitFileType = wrapper.cfbundle; includeInIndex = 0; path = OrmamentTests.xctest; sourceTree = BUILT_PRODUCTS_DIR; };
		C7A3460C1965B46500EC08BB /* OrmamentTests-Info.plist */ = {isa = PBXFileReference; lastKnownFileType = text.plist.xml; path = "OrmamentTests-Info.plist"; sourceTree = "<group>"; };
		C7A3460E1965B46500EC08BB /* en */ = {isa = PBXFileReference; lastKnownFileType = text.plist.strings; name = en; path = en.lproj/InfoPlist.strings; sourceTree = "<group>"; };
		C7A346101965B46500EC08BB /* OrmamentTests.m */ = {isa = PBXFileReference; lastKnownFileType = sourcecode.c.objc; path = OrmamentTests.m; sourceTree = "<group>"; };
		C7A346121965B46500EC08BB /* OrmamentTests-Prefix.pch */ = {isa = PBXFileReference; lastKnownFileType = sourcecode.c.h; path = "OrmamentTests-Prefix.pch"; sourceTree = "<group>"; };
		C7A346191965B4FB00EC08BB /* libPods.a */ = {isa = PBXFileReference; lastKnownFileType = archive.ar; name = libPods.a; path = "Pods/build/Debug-iphoneos/libPods.a"; sourceTree = "<group>"; };
		C7A346201965C1D900EC08BB /* TSTNote.h */ = {isa = PBXFileReference; fileEncoding = 4; lastKnownFileType = sourcecode.c.h; path = TSTNote.h; sourceTree = "<group>"; };
		C7A346211965C1D900EC08BB /* TSTNote.m */ = {isa = PBXFileReference; fileEncoding = 4; lastKnownFileType = sourcecode.c.objc; path = TSTNote.m; sourceTree = "<group>"; };
		C7A346231965C20C00EC08BB /* TSTItem.h */ = {isa = PBXFileReference; fileEncoding = 4; lastKnownFileType = sourcecode.c.h; path = TSTItem.h; sourceTree = "<group>"; };
		C7A346241965C20C00EC08BB /* TSTItem.m */ = {isa = PBXFileReference; fileEncoding = 4; lastKnownFileType = sourcecode.c.objc; path = TSTItem.m; sourceTree = "<group>"; };
		C7A346261965C64F00EC08BB /* MMSQLiteStore.h */ = {isa = PBXFileReference; fileEncoding = 4; lastKnownFileType = sourcecode.c.h; path = MMSQLiteStore.h; sourceTree = "<group>"; };
		C7A346271965C64F00EC08BB /* MMSQLiteStore.m */ = {isa = PBXFileReference; fileEncoding = 4; lastKnownFileType = sourcecode.c.objc; path = MMSQLiteStore.m; sourceTree = "<group>"; };
		C7A346291965C66100EC08BB /* MMService.h */ = {isa = PBXFileReference; fileEncoding = 4; lastKnownFileType = sourcecode.c.h; path = MMService.h; sourceTree = "<group>"; };
		C7A3462A1965C66100EC08BB /* MMService.m */ = {isa = PBXFileReference; fileEncoding = 4; lastKnownFileType = sourcecode.c.objc; path = MMService.m; sourceTree = "<group>"; };
		C7A3462C1965F09E00EC08BB /* MMORMBootstrapTests.m */ = {isa = PBXFileReference; fileEncoding = 4; lastKnownFileType = sourcecode.c.objc; path = MMORMBootstrapTests.m; sourceTree = "<group>"; };
		C7A3462E1965F38400EC08BB /* MMOrmamentManager.h */ = {isa = PBXFileReference; fileEncoding = 4; lastKnownFileType = sourcecode.c.h; path = MMOrmamentManager.h; sourceTree = "<group>"; };
		C7A3462F1965F38400EC08BB /* MMOrmamentManager.m */ = {isa = PBXFileReference; fileEncoding = 4; lastKnownFileType = sourcecode.c.objc; path = MMOrmamentManager.m; sourceTree = "<group>"; };
		C7A346311966E9B100EC08BB /* MMSchemaMigration.h */ = {isa = PBXFileReference; fileEncoding = 4; lastKnownFileType = sourcecode.c.h; path = MMSchemaMigration.h; sourceTree = "<group>"; };
		C7A346321966E9B100EC08BB /* MMSchemaMigration.m */ = {isa = PBXFileReference; fileEncoding = 4; lastKnownFileType = sourcecode.c.objc; path = MMSchemaMigration.m; sourceTree = "<group>"; };
		C7A3463B196B522D00EC08BB /* MMSqliteSchemaMigration.h */ = {isa = PBXFileReference; fileEncoding = 4; lastKnownFileType = sourcecode.c.h; path = MMSqliteSchemaMigration.h; sourceTree = "<group>"; };
		C7A3463C196B522D00EC08BB /* MMSqliteSchemaMigration.m */ = {isa = PBXFileReference; fileEncoding = 4; lastKnownFileType = sourcecode.c.objc; path = MMSqliteSchemaMigration.m; sourceTree = "<group>"; };
		C7A3463E196C1ED000EC08BB /* noteit_2.plist */ = {isa = PBXFileReference; fileEncoding = 4; lastKnownFileType = text.plist.xml; path = noteit_2.plist; sourceTree = "<group>"; };
		C7B9C654199DA6FF0036F89B /* MMAutoRelatedEntity.h */ = {isa = PBXFileReference; fileEncoding = 4; lastKnownFileType = sourcecode.c.h; path = MMAutoRelatedEntity.h; sourceTree = "<group>"; };
		C7B9C655199DA6FF0036F89B /* MMAutoRelatedEntity.m */ = {isa = PBXFileReference; fileEncoding = 4; lastKnownFileType = sourcecode.c.objc; path = MMAutoRelatedEntity.m; sourceTree = "<group>"; };
		C7BEB0F0196C8C4900575D45 /* TSTMigration1.h */ = {isa = PBXFileReference; fileEncoding = 4; lastKnownFileType = sourcecode.c.h; name = TSTMigration1.h; path = OrmamentTests/TSTMigration1.h; sourceTree = SOURCE_ROOT; };
		C7BEB0F1196C8C4900575D45 /* TSTMigration1.m */ = {isa = PBXFileReference; fileEncoding = 4; lastKnownFileType = sourcecode.c.objc; name = TSTMigration1.m; path = OrmamentTests/TSTMigration1.m; sourceTree = SOURCE_ROOT; };
		C7C3D9F319EDA66B000EEE19 /* libPods.a */ = {isa = PBXFileReference; lastKnownFileType = archive.ar; name = libPods.a; path = "Pods/build/Debug-iphoneos/libPods.a"; sourceTree = "<group>"; };
		C7C3D9F619EDCA3A000EEE19 /* libPods-MarshmallowCore.a */ = {isa = PBXFileReference; lastKnownFileType = archive.ar; name = "libPods-MarshmallowCore.a"; path = "Pods/build/Debug-iphoneos/libPods-MarshmallowCore.a"; sourceTree = "<group>"; };
		C7C3D9F819EDD8F7000EEE19 /* libPods.a */ = {isa = PBXFileReference; lastKnownFileType = archive.ar; name = libPods.a; path = "Pods/build/Debug-iphoneos/libPods.a"; sourceTree = "<group>"; };
		C7CE8A7D1A180B0400F2CBB0 /* MMCloud.h */ = {isa = PBXFileReference; fileEncoding = 4; lastKnownFileType = sourcecode.c.h; path = MMCloud.h; sourceTree = "<group>"; };
		C7CE8A7E1A180B0400F2CBB0 /* MMCloud.m */ = {isa = PBXFileReference; fileEncoding = 4; lastKnownFileType = sourcecode.c.objc; path = MMCloud.m; sourceTree = "<group>"; };
		C7CEBE9E19E322A40094E4A8 /* noteit__0_2_0.plist */ = {isa = PBXFileReference; fileEncoding = 4; lastKnownFileType = text.plist.xml; path = noteit__0_2_0.plist; sourceTree = "<group>"; };
		C7E1FA3A19E7307300AB3842 /* MMMigrationTests.m */ = {isa = PBXFileReference; fileEncoding = 4; lastKnownFileType = sourcecode.c.objc; path = MMMigrationTests.m; sourceTree = "<group>"; };
		C7F2145E196CF05A00002371 /* MMRecordTests.m */ = {isa = PBXFileReference; fileEncoding = 4; lastKnownFileType = sourcecode.c.objc; path = MMRecordTests.m; sourceTree = "<group>"; };
		E5A1237B9E264435AAC8ECB3 /* libPods.a */ = {isa = PBXFileReference; explicitFileType = archive.ar; includeInIndex = 0; path = libPods.a; sourceTree = BUILT_PRODUCTS_DIR; };
		EA40C49C3D687741A0791EB5 /* Pods.debug.xcconfig */ = {isa = PBXFileReference; includeInIndex = 1; lastKnownFileType = text.xcconfig; name = Pods.debug.xcconfig; path = "Pods/Target Support Files/Pods/Pods.debug.xcconfig"; sourceTree = "<group>"; };
/* End PBXFileReference section */

/* Begin PBXFrameworksBuildPhase section */
		C74389011963D134000D50AF /* Frameworks */ = {
			isa = PBXFrameworksBuildPhase;
			buildActionMask = 2147483647;
			files = (
				C74389081963D134000D50AF /* Foundation.framework in Frameworks */,
				F66B7131FB1946A18756E921 /* libPods.a in Frameworks */,
			);
			runOnlyForDeploymentPostprocessing = 0;
		};
		C7A346031965B46500EC08BB /* Frameworks */ = {
			isa = PBXFrameworksBuildPhase;
			buildActionMask = 2147483647;
			files = (
				C7C3D9FA19EDDAC9000EEE19 /* libMarshmallowOrmament.a in Frameworks */,
				C7A346081965B46500EC08BB /* Foundation.framework in Frameworks */,
			);
			runOnlyForDeploymentPostprocessing = 0;
		};
/* End PBXFrameworksBuildPhase section */

/* Begin PBXGroup section */
		2805A29EE068316727DF3CCD /* Pods */ = {
			isa = PBXGroup;
			children = (
				EA40C49C3D687741A0791EB5 /* Pods.debug.xcconfig */,
				B21B32DAD641BEE99523B067 /* Pods.release.xcconfig */,
			);
			name = Pods;
			sourceTree = "<group>";
		};
		C74388FB1963D134000D50AF = {
			isa = PBXGroup;
			children = (
				C75E75F219C4E4E100B2B825 /* OrmamentTests-Info.plist */,
				C733B4721979830300116BBC /* MMSQLiteRequest.h */,
				C733B4731979830300116BBC /* MMSQLiteRequest.m */,
				C733B46C197830B100116BBC /* MMRelationshipSet.h */,
				C733B46D197830B100116BBC /* MMRelationshipSet.m */,
				C74389091963D134000D50AF /* MarshmallowOrmament */,
				C743891D1963D134000D50AF /* MarshmallowOrmamentTests */,
				C7A3460A1965B46500EC08BB /* OrmamentTests */,
				C74389061963D134000D50AF /* Frameworks */,
				C74389051963D134000D50AF /* Products */,
				2805A29EE068316727DF3CCD /* Pods */,
			);
			sourceTree = "<group>";
		};
		C74389051963D134000D50AF /* Products */ = {
			isa = PBXGroup;
			children = (
				C74389041963D134000D50AF /* libMarshmallowOrmament.a */,
				C7A346061965B46500EC08BB /* OrmamentTests.xctest */,
			);
			name = Products;
			sourceTree = "<group>";
		};
		C74389061963D134000D50AF /* Frameworks */ = {
			isa = PBXGroup;
			children = (
				C7C3D9F819EDD8F7000EEE19 /* libPods.a */,
				C7C3D9F619EDCA3A000EEE19 /* libPods-MarshmallowCore.a */,
				C7C3D9F319EDA66B000EEE19 /* libPods.a */,
				C7A346191965B4FB00EC08BB /* libPods.a */,
				C7A346001965B13100EC08BB /* libPods-FMDB.a */,
				C74389311963E0C0000D50AF /* libPods.a */,
				C74389071963D134000D50AF /* Foundation.framework */,
				C74389151963D134000D50AF /* XCTest.framework */,
				C74389181963D134000D50AF /* UIKit.framework */,
				E5A1237B9E264435AAC8ECB3 /* libPods.a */,
			);
			name = Frameworks;
			sourceTree = "<group>";
		};
		C74389091963D134000D50AF /* MarshmallowOrmament */ = {
			isa = PBXGroup;
			children = (
				C78852BE19D701600004D029 /* MMGroupDescriptor.h */,
				C78852BF19D701600004D029 /* MMGroupDescriptor.m */,
				C789AF9E196EC2FD008BBA72 /* MMResultsSet.h */,
				C789AF9F196EC2FD008BBA72 /* MMResultsSet.m */,
				C78852C119D8AE800004D029 /* MMRequestController.h */,
				C78852C219D8AE800004D029 /* MMRequestController.m */,
				C7A0C4F1196598BF009EB4E1 /* MMEntity.h */,
				C7A0C4F2196598BF009EB4E1 /* MMEntity.m */,
				C78C42FB1A1B1CB3005FB127 /* MMSchemaObject.h */,
				C78C42FC1A1B1CB3005FB127 /* MMSchemaObject.m */,
				C7A3462E1965F38400EC08BB /* MMOrmamentManager.h */,
				C7A3462F1965F38400EC08BB /* MMOrmamentManager.m */,
				C7A346311966E9B100EC08BB /* MMSchemaMigration.h */,
				C7A346321966E9B100EC08BB /* MMSchemaMigration.m */,
				C7A3463B196B522D00EC08BB /* MMSqliteSchemaMigration.h */,
				C7A3463C196B522D00EC08BB /* MMSqliteSchemaMigration.m */,
				C743890C1963D134000D50AF /* MarshmallowOrmament.h */,
				C743890E1963D134000D50AF /* MarshmallowOrmament.m */,
				C744E38A196474DC006A1BA5 /* MMORMUtility.h */,
				C744E38B196474DC006A1BA5 /* MMORMUtility.m */,
				C7B9C654199DA6FF0036F89B /* MMAutoRelatedEntity.h */,
				C7B9C655199DA6FF0036F89B /* MMAutoRelatedEntity.m */,
				C774FA391976F40300CDBCB8 /* MMRelationship.h */,
				C774FA3A1976F40300CDBCB8 /* MMRelationship.m */,
				C787917319812F7800C31EA7 /* MMRelation.h */,
				C787917419812F7800C31EA7 /* MMRelation.m */,
				C74389331963E458000D50AF /* MMRecord.h */,
				C74389341963E458000D50AF /* MMRecord.m */,
				C733B46F19797D6500116BBC /* MMRequest.h */,
				C733B47019797D6500116BBC /* MMRequest.m */,
				C731719B19873350005F27E6 /* MMConditional.h */,
				C731719C19873350005F27E6 /* MMConditional.m */,
				C731719E1987348D005F27E6 /* MMCondition.h */,
				C731719F1987348D005F27E6 /* MMCondition.m */,
				C7A345FD1965A7E100EC08BB /* MMSchema.h */,
				C7A345FE1965A7E100EC08BB /* MMSchema.m */,
				C7A345FA1965A78A00EC08BB /* MMSQLiteSchema.h */,
				C7A345FB1965A78A00EC08BB /* MMSQLiteSchema.m */,
				C7CE8A7D1A180B0400F2CBB0 /* MMCloud.h */,
				C7CE8A7E1A180B0400F2CBB0 /* MMCloud.m */,
				C7A346291965C66100EC08BB /* MMService.h */,
				C7A3462A1965C66100EC08BB /* MMService.m */,
				C78C42FE1A1BA2AE005FB127 /* MMOrmMeta.h */,
				C78C42FF1A1BA2AE005FB127 /* MMOrmMeta.m */,
				C78C42F51A1AA4F4005FB127 /* MMStore.h */,
				C78C42F61A1AA4F4005FB127 /* MMStore.m */,
				C7A346261965C64F00EC08BB /* MMSQLiteStore.h */,
				C7A346271965C64F00EC08BB /* MMSQLiteStore.m */,
				C733B46919782D1700116BBC /* MMRecordSet.h */,
				C733B46A19782D1700116BBC /* MMRecordSet.m */,
				C7432B171A1D3AE800DEC85F /* MMAttribute.h */,
				C7432B181A1D3AE800DEC85F /* MMAttribute.m */,
				C743890A1963D134000D50AF /* Supporting Files */,
			);
			path = MarshmallowOrmament;
			sourceTree = "<group>";
		};
		C743890A1963D134000D50AF /* Supporting Files */ = {
			isa = PBXGroup;
			children = (
				C743890B1963D134000D50AF /* MarshmallowOrmament-Prefix.pch */,
			);
			name = "Supporting Files";
			sourceTree = "<group>";
		};
		C743891D1963D134000D50AF /* MarshmallowOrmamentTests */ = {
			isa = PBXGroup;
			children = (
				C74389231963D134000D50AF /* MarshmallowOrmamentTests.m */,
				C743891E1963D134000D50AF /* Supporting Files */,
			);
			path = MarshmallowOrmamentTests;
			sourceTree = "<group>";
		};
		C743891E1963D134000D50AF /* Supporting Files */ = {
			isa = PBXGroup;
			children = (
				C7BEB0F0196C8C4900575D45 /* TSTMigration1.h */,
				C7BEB0F1196C8C4900575D45 /* TSTMigration1.m */,
				C7A0C4F41965992C009EB4E1 /* noteit__0_1_0.plist */,
				C7CEBE9E19E322A40094E4A8 /* noteit__0_2_0.plist */,
				C7A3463E196C1ED000EC08BB /* noteit_2.plist */,
				C743891F1963D134000D50AF /* MarshmallowOrmamentTests-Info.plist */,
				C74389201963D134000D50AF /* InfoPlist.strings */,
			);
			name = "Supporting Files";
			sourceTree = "<group>";
		};
		C7A3460A1965B46500EC08BB /* OrmamentTests */ = {
			isa = PBXGroup;
			children = (
				C7A346201965C1D900EC08BB /* TSTNote.h */,
				C7A346211965C1D900EC08BB /* TSTNote.m */,
				C73171A31991DEE2005F27E6 /* TSTNotebook.h */,
				C73171A41991DEE2005F27E6 /* TSTNotebook.m */,
				C7A346231965C20C00EC08BB /* TSTItem.h */,
				C7A346241965C20C00EC08BB /* TSTItem.m */,
				C7F2145E196CF05A00002371 /* MMRecordTests.m */,
				C73171A71992B6CB005F27E6 /* MMRelationshipTests.m */,
				C765563D198419BE00F7DFDD /* MMRequestTests.m */,
				C7A0C4EC1965984C009EB4E1 /* MMSchemaTests.m */,
				C73171A1198899D2005F27E6 /* MMConditionalTests.m */,
				C7A3462C1965F09E00EC08BB /* MMORMBootstrapTests.m */,
				C7E1FA3A19E7307300AB3842 /* MMMigrationTests.m */,
				C7A346101965B46500EC08BB /* OrmamentTests.m */,
				C7A3460B1965B46500EC08BB /* Supporting Files */,
			);
			path = OrmamentTests;
			sourceTree = "<group>";
		};
		C7A3460B1965B46500EC08BB /* Supporting Files */ = {
			isa = PBXGroup;
			children = (
				C7A3460C1965B46500EC08BB /* OrmamentTests-Info.plist */,
				C7A3460D1965B46500EC08BB /* InfoPlist.strings */,
				C7A346121965B46500EC08BB /* OrmamentTests-Prefix.pch */,
			);
			name = "Supporting Files";
			sourceTree = "<group>";
		};
/* End PBXGroup section */

/* Begin PBXNativeTarget section */
		C74389031963D134000D50AF /* MarshmallowOrmament */ = {
			isa = PBXNativeTarget;
			buildConfigurationList = C74389271963D134000D50AF /* Build configuration list for PBXNativeTarget "MarshmallowOrmament" */;
			buildPhases = (
				EF78FFD8F8FB4FDCB2E78701 /* Check Pods Manifest.lock */,
				C74389001963D134000D50AF /* Sources */,
				C74389011963D134000D50AF /* Frameworks */,
				C74389021963D134000D50AF /* CopyFiles */,
				238F4A8677294A7E97C29910 /* Copy Pods Resources */,
			);
			buildRules = (
			);
			dependencies = (
			);
			name = MarshmallowOrmament;
			productName = MarshmallowOrmament;
			productReference = C74389041963D134000D50AF /* libMarshmallowOrmament.a */;
			productType = "com.apple.product-type.library.static";
		};
		C7A346051965B46500EC08BB /* OrmamentTests */ = {
			isa = PBXNativeTarget;
			buildConfigurationList = C7A346151965B46500EC08BB /* Build configuration list for PBXNativeTarget "OrmamentTests" */;
			buildPhases = (
				0CD8BD6446862DC25730EA83 /* Check Pods Manifest.lock */,
				C7A346021965B46500EC08BB /* Sources */,
				C7A346031965B46500EC08BB /* Frameworks */,
				C7A346041965B46500EC08BB /* Resources */,
				B5A7BE3CA35614B0014B599D /* Copy Pods Resources */,
			);
			buildRules = (
			);
			dependencies = (
				C7A3461D1965B73600EC08BB /* PBXTargetDependency */,
			);
			name = OrmamentTests;
			productName = OrmamentTests;
			productReference = C7A346061965B46500EC08BB /* OrmamentTests.xctest */;
			productType = "com.apple.product-type.bundle.unit-test";
		};
/* End PBXNativeTarget section */

/* Begin PBXProject section */
		C74388FC1963D134000D50AF /* Project object */ = {
			isa = PBXProject;
			attributes = {
				LastUpgradeCheck = 0510;
				ORGANIZATIONNAME = "Kelly Huberty";
				TargetAttributes = {
					C7A346051965B46500EC08BB = {
						TestTargetID = C74389031963D134000D50AF;
					};
				};
			};
			buildConfigurationList = C74388FF1963D134000D50AF /* Build configuration list for PBXProject "MarshmallowOrmament" */;
			compatibilityVersion = "Xcode 3.2";
			developmentRegion = English;
			hasScannedForEncodings = 0;
			knownRegions = (
				en,
			);
			mainGroup = C74388FB1963D134000D50AF;
			productRefGroup = C74389051963D134000D50AF /* Products */;
			projectDirPath = "";
			projectRoot = "";
			targets = (
				C74389031963D134000D50AF /* MarshmallowOrmament */,
				C7A346051965B46500EC08BB /* OrmamentTests */,
			);
		};
/* End PBXProject section */

/* Begin PBXResourcesBuildPhase section */
		C7A346041965B46500EC08BB /* Resources */ = {
			isa = PBXResourcesBuildPhase;
			buildActionMask = 2147483647;
			files = (
				C75E75F319C4E4E100B2B825 /* OrmamentTests-Info.plist in Resources */,
				C7A3461F1965B9E900EC08BB /* noteit__0_1_0.plist in Resources */,
				C7E2F52C19ED72C000B2064F /* noteit__0_2_0.plist in Resources */,
				C7A3460F1965B46500EC08BB /* InfoPlist.strings in Resources */,
			);
			runOnlyForDeploymentPostprocessing = 0;
		};
/* End PBXResourcesBuildPhase section */

/* Begin PBXShellScriptBuildPhase section */
		0CD8BD6446862DC25730EA83 /* Check Pods Manifest.lock */ = {
			isa = PBXShellScriptBuildPhase;
			buildActionMask = 2147483647;
			files = (
			);
			inputPaths = (
			);
			name = "Check Pods Manifest.lock";
			outputPaths = (
			);
			runOnlyForDeploymentPostprocessing = 0;
			shellPath = /bin/sh;
			shellScript = "diff \"${PODS_ROOT}/../Podfile.lock\" \"${PODS_ROOT}/Manifest.lock\" > /dev/null\nif [[ $? != 0 ]] ; then\n    cat << EOM\nerror: The sandbox is not in sync with the Podfile.lock. Run 'pod install' or update your CocoaPods installation.\nEOM\n    exit 1\nfi\n";
			showEnvVarsInLog = 0;
		};
		238F4A8677294A7E97C29910 /* Copy Pods Resources */ = {
			isa = PBXShellScriptBuildPhase;
			buildActionMask = 2147483647;
			files = (
			);
			inputPaths = (
			);
			name = "Copy Pods Resources";
			outputPaths = (
			);
			runOnlyForDeploymentPostprocessing = 0;
			shellPath = /bin/sh;
			shellScript = "\"${SRCROOT}/Pods/Target Support Files/Pods/Pods-resources.sh\"\n";
			showEnvVarsInLog = 0;
		};
		B5A7BE3CA35614B0014B599D /* Copy Pods Resources */ = {
			isa = PBXShellScriptBuildPhase;
			buildActionMask = 2147483647;
			files = (
			);
			inputPaths = (
			);
			name = "Copy Pods Resources";
			outputPaths = (
			);
			runOnlyForDeploymentPostprocessing = 0;
			shellPath = /bin/sh;
			shellScript = "\"${SRCROOT}/Pods/Target Support Files/Pods/Pods-resources.sh\"\n";
			showEnvVarsInLog = 0;
		};
		EF78FFD8F8FB4FDCB2E78701 /* Check Pods Manifest.lock */ = {
			isa = PBXShellScriptBuildPhase;
			buildActionMask = 2147483647;
			files = (
			);
			inputPaths = (
			);
			name = "Check Pods Manifest.lock";
			outputPaths = (
			);
			runOnlyForDeploymentPostprocessing = 0;
			shellPath = /bin/sh;
			shellScript = "diff \"${PODS_ROOT}/../Podfile.lock\" \"${PODS_ROOT}/Manifest.lock\" > /dev/null\nif [[ $? != 0 ]] ; then\n    cat << EOM\nerror: The sandbox is not in sync with the Podfile.lock. Run 'pod install' or update your CocoaPods installation.\nEOM\n    exit 1\nfi\n";
			showEnvVarsInLog = 0;
		};
/* End PBXShellScriptBuildPhase section */

/* Begin PBXSourcesBuildPhase section */
		C74389001963D134000D50AF /* Sources */ = {
			isa = PBXSourcesBuildPhase;
			buildActionMask = 2147483647;
			files = (
				C7A346281965C64F00EC08BB /* MMSQLiteStore.m in Sources */,
				C78C42FD1A1B1CB3005FB127 /* MMSchemaObject.m in Sources */,
				C733B47119797D6500116BBC /* MMRequest.m in Sources */,
				C7A345FF1965A7E100EC08BB /* MMSchema.m in Sources */,
				C78852C319D8AE800004D029 /* MMRequestController.m in Sources */,
				C73171A01987348D005F27E6 /* MMCondition.m in Sources */,
				C774FA3B1976F40300CDBCB8 /* MMRelationship.m in Sources */,
				C733B4741979830300116BBC /* MMSQLiteRequest.m in Sources */,
				C74389351963E458000D50AF /* MMRecord.m in Sources */,
				C7A3462B1965C66100EC08BB /* MMService.m in Sources */,
				C744E38C196474DC006A1BA5 /* MMORMUtility.m in Sources */,
				C7B9C656199DA6FF0036F89B /* MMAutoRelatedEntity.m in Sources */,
				C731719D19873350005F27E6 /* MMConditional.m in Sources */,
				C7A0C4F3196598BF009EB4E1 /* MMEntity.m in Sources */,
				C7A346301965F38400EC08BB /* MMOrmamentManager.m in Sources */,
				C7432B191A1D3AE800DEC85F /* MMAttribute.m in Sources */,
				C743890F1963D134000D50AF /* MarshmallowOrmament.m in Sources */,
				C78C42F71A1AA4F4005FB127 /* MMStore.m in Sources */,
				C7A3463D196B522D00EC08BB /* MMSqliteSchemaMigration.m in Sources */,
				C7CE8A7F1A180B0400F2CBB0 /* MMCloud.m in Sources */,
				C789AFA0196EC2FD008BBA72 /* MMResultsSet.m in Sources */,
				C7BEB0F2196C8C4900575D45 /* TSTMigration1.m in Sources */,
				C78C43001A1BA2AE005FB127 /* MMOrmMeta.m in Sources */,
				C733B46B19782D1700116BBC /* MMRecordSet.m in Sources */,
				C7A345FC1965A78A00EC08BB /* MMSQLiteSchema.m in Sources */,
				C78852C019D701600004D029 /* MMGroupDescriptor.m in Sources */,
				C787917519812F7800C31EA7 /* MMRelation.m in Sources */,
				C7A346331966E9B100EC08BB /* MMSchemaMigration.m in Sources */,
				C733B46E197830B100116BBC /* MMRelationshipSet.m in Sources */,
			);
			runOnlyForDeploymentPostprocessing = 0;
		};
		C7A346021965B46500EC08BB /* Sources */ = {
			isa = PBXSourcesBuildPhase;
			buildActionMask = 2147483647;
			files = (
				C73171A2198899D2005F27E6 /* MMConditionalTests.m in Sources */,
				C765563E198419BE00F7DFDD /* MMRequestTests.m in Sources */,
				C7F2145F196CF05A00002371 /* MMRecordTests.m in Sources */,
				C73171A81992B6CB005F27E6 /* MMRelationshipTests.m in Sources */,
				C7A346181965B4B000EC08BB /* MMSchemaTests.m in Sources */,
				C73171A51991DEE2005F27E6 /* TSTNotebook.m in Sources */,
				C7A346221965C1D900EC08BB /* TSTNote.m in Sources */,
				C7A3462D1965F09E00EC08BB /* MMORMBootstrapTests.m in Sources */,
				C7A346251965C20C00EC08BB /* TSTItem.m in Sources */,
				C7E1FA3B19E7307300AB3842 /* MMMigrationTests.m in Sources */,
				C7A346111965B46500EC08BB /* OrmamentTests.m in Sources */,
			);
			runOnlyForDeploymentPostprocessing = 0;
		};
/* End PBXSourcesBuildPhase section */

/* Begin PBXTargetDependency section */
		C7A3461D1965B73600EC08BB /* PBXTargetDependency */ = {
			isa = PBXTargetDependency;
			target = C74389031963D134000D50AF /* MarshmallowOrmament */;
			targetProxy = C7A3461C1965B73600EC08BB /* PBXContainerItemProxy */;
		};
/* End PBXTargetDependency section */

/* Begin PBXVariantGroup section */
		C74389201963D134000D50AF /* InfoPlist.strings */ = {
			isa = PBXVariantGroup;
			children = (
				C74389211963D134000D50AF /* en */,
			);
			name = InfoPlist.strings;
			sourceTree = "<group>";
		};
		C7A3460D1965B46500EC08BB /* InfoPlist.strings */ = {
			isa = PBXVariantGroup;
			children = (
				C7A3460E1965B46500EC08BB /* en */,
			);
			name = InfoPlist.strings;
			sourceTree = "<group>";
		};
/* End PBXVariantGroup section */

/* Begin XCBuildConfiguration section */
		C74389251963D134000D50AF /* Debug */ = {
			isa = XCBuildConfiguration;
			baseConfigurationReference = EA40C49C3D687741A0791EB5 /* Pods.debug.xcconfig */;
			buildSettings = {
				ALWAYS_SEARCH_USER_PATHS = NO;
				CLANG_CXX_LANGUAGE_STANDARD = "gnu++0x";
				CLANG_CXX_LIBRARY = "libc++";
				CLANG_ENABLE_MODULES = YES;
				CLANG_ENABLE_OBJC_ARC = YES;
				CLANG_MODULES_AUTOLINK = YES;
				CLANG_WARN_BOOL_CONVERSION = YES;
				CLANG_WARN_CONSTANT_CONVERSION = YES;
				CLANG_WARN_DIRECT_OBJC_ISA_USAGE = YES_ERROR;
				CLANG_WARN_EMPTY_BODY = YES;
				CLANG_WARN_ENUM_CONVERSION = YES;
				CLANG_WARN_INT_CONVERSION = YES;
				CLANG_WARN_OBJC_ROOT_CLASS = YES_ERROR;
				CLANG_WARN__DUPLICATE_METHOD_MATCH = YES;
				COPY_PHASE_STRIP = NO;
				GCC_C_LANGUAGE_STANDARD = gnu99;
				GCC_DYNAMIC_NO_PIC = NO;
				GCC_OPTIMIZATION_LEVEL = 0;
				GCC_PREPROCESSOR_DEFINITIONS = (
					"DEBUG=1",
					"$(inherited)",
				);
				GCC_SYMBOLS_PRIVATE_EXTERN = NO;
				GCC_WARN_64_TO_32_BIT_CONVERSION = YES;
				GCC_WARN_ABOUT_RETURN_TYPE = YES_ERROR;
				GCC_WARN_UNDECLARED_SELECTOR = YES;
				GCC_WARN_UNINITIALIZED_AUTOS = YES_AGGRESSIVE;
				GCC_WARN_UNUSED_FUNCTION = YES;
				GCC_WARN_UNUSED_VARIABLE = YES;
				IPHONEOS_DEPLOYMENT_TARGET = 8.0;
				ONLY_ACTIVE_ARCH = YES;
				OTHER_CFLAGS = "$(inherited)";
				SDKROOT = iphoneos;
			};
			name = Debug;
		};
		C74389261963D134000D50AF /* Release */ = {
			isa = XCBuildConfiguration;
			baseConfigurationReference = B21B32DAD641BEE99523B067 /* Pods.release.xcconfig */;
			buildSettings = {
				ALWAYS_SEARCH_USER_PATHS = NO;
				CLANG_CXX_LANGUAGE_STANDARD = "gnu++0x";
				CLANG_CXX_LIBRARY = "libc++";
				CLANG_ENABLE_MODULES = YES;
				CLANG_ENABLE_OBJC_ARC = YES;
				CLANG_MODULES_AUTOLINK = YES;
				CLANG_WARN_BOOL_CONVERSION = YES;
				CLANG_WARN_CONSTANT_CONVERSION = YES;
				CLANG_WARN_DIRECT_OBJC_ISA_USAGE = YES_ERROR;
				CLANG_WARN_EMPTY_BODY = YES;
				CLANG_WARN_ENUM_CONVERSION = YES;
				CLANG_WARN_INT_CONVERSION = YES;
				CLANG_WARN_OBJC_ROOT_CLASS = YES_ERROR;
				CLANG_WARN__DUPLICATE_METHOD_MATCH = YES;
				COPY_PHASE_STRIP = YES;
				ENABLE_NS_ASSERTIONS = NO;
				GCC_C_LANGUAGE_STANDARD = gnu99;
				GCC_WARN_64_TO_32_BIT_CONVERSION = YES;
				GCC_WARN_ABOUT_RETURN_TYPE = YES_ERROR;
				GCC_WARN_UNDECLARED_SELECTOR = YES;
				GCC_WARN_UNINITIALIZED_AUTOS = YES_AGGRESSIVE;
				GCC_WARN_UNUSED_FUNCTION = YES;
				GCC_WARN_UNUSED_VARIABLE = YES;
				IPHONEOS_DEPLOYMENT_TARGET = 8.0;
				OTHER_CFLAGS = "$(inherited)";
				SDKROOT = iphoneos;
				VALIDATE_PRODUCT = YES;
			};
			name = Release;
		};
		C74389281963D134000D50AF /* Debug */ = {
			isa = XCBuildConfiguration;
			baseConfigurationReference = EA40C49C3D687741A0791EB5 /* Pods.debug.xcconfig */;
			buildSettings = {
				DSTROOT = /tmp/MarshmallowOrmament.dst;
				GCC_PRECOMPILE_PREFIX_HEADER = YES;
				GCC_PREFIX_HEADER = "MarshmallowOrmament/MarshmallowOrmament-Prefix.pch";
				OTHER_LDFLAGS = "-ObjC";
				PRODUCT_NAME = "$(TARGET_NAME)";
				SKIP_INSTALL = YES;
			};
			name = Debug;
		};
		C74389291963D134000D50AF /* Release */ = {
			isa = XCBuildConfiguration;
			baseConfigurationReference = B21B32DAD641BEE99523B067 /* Pods.release.xcconfig */;
			buildSettings = {
				DSTROOT = /tmp/MarshmallowOrmament.dst;
				GCC_PRECOMPILE_PREFIX_HEADER = YES;
				GCC_PREFIX_HEADER = "MarshmallowOrmament/MarshmallowOrmament-Prefix.pch";
				OTHER_LDFLAGS = "-ObjC";
				PRODUCT_NAME = "$(TARGET_NAME)";
				SKIP_INSTALL = YES;
			};
			name = Release;
		};
		C7A346161965B46500EC08BB /* Debug */ = {
			isa = XCBuildConfiguration;
			baseConfigurationReference = EA40C49C3D687741A0791EB5 /* Pods.debug.xcconfig */;
			buildSettings = {
				ALWAYS_SEARCH_USER_PATHS = YES;
				CLANG_ENABLE_OBJC_ARC = YES;
				FRAMEWORK_SEARCH_PATHS = (
					"$(SDKROOT)/Developer/Library/Frameworks",
					"$(inherited)",
					"$(DEVELOPER_FRAMEWORKS_DIR)",
				);
				GCC_PRECOMPILE_PREFIX_HEADER = YES;
				GCC_PREFIX_HEADER = "OrmamentTests/OrmamentTests-Prefix.pch";
				GCC_PREPROCESSOR_DEFINITIONS = (
					"DEBUG=1",
					"$(inherited)",
				);
				INFOPLIST_FILE = "OrmamentTests/OrmamentTests-Info.plist";
				LIBRARY_SEARCH_PATHS = (
					"$(inherited)",
					"$(PROJECT_DIR)/Pods/build/Debug-iphoneos",
				);
				PRODUCT_NAME = "$(TARGET_NAME)";
				SDKROOT = iphoneos8.0;
				WRAPPER_EXTENSION = xctest;
			};
			name = Debug;
		};
		C7A346171965B46500EC08BB /* Release */ = {
			isa = XCBuildConfiguration;
			baseConfigurationReference = B21B32DAD641BEE99523B067 /* Pods.release.xcconfig */;
			buildSettings = {
				ALWAYS_SEARCH_USER_PATHS = YES;
				CLANG_ENABLE_OBJC_ARC = YES;
				FRAMEWORK_SEARCH_PATHS = (
					"$(SDKROOT)/Developer/Library/Frameworks",
					"$(inherited)",
					"$(DEVELOPER_FRAMEWORKS_DIR)",
				);
				GCC_PRECOMPILE_PREFIX_HEADER = YES;
				GCC_PREFIX_HEADER = "OrmamentTests/OrmamentTests-Prefix.pch";
				INFOPLIST_FILE = "OrmamentTests/OrmamentTests-Info.plist";
				LIBRARY_SEARCH_PATHS = (
					"$(inherited)",
					"$(PROJECT_DIR)/Pods/build/Debug-iphoneos",
				);
				PRODUCT_NAME = "$(TARGET_NAME)";
				SDKROOT = iphoneos8.0;
				WRAPPER_EXTENSION = xctest;
			};
			name = Release;
		};
/* End XCBuildConfiguration section */

/* Begin XCConfigurationList section */
		C74388FF1963D134000D50AF /* Build configuration list for PBXProject "MarshmallowOrmament" */ = {
			isa = XCConfigurationList;
			buildConfigurations = (
				C74389251963D134000D50AF /* Debug */,
				C74389261963D134000D50AF /* Release */,
			);
			defaultConfigurationIsVisible = 0;
			defaultConfigurationName = Release;
		};
		C74389271963D134000D50AF /* Build configuration list for PBXNativeTarget "MarshmallowOrmament" */ = {
			isa = XCConfigurationList;
			buildConfigurations = (
				C74389281963D134000D50AF /* Debug */,
				C74389291963D134000D50AF /* Release */,
			);
			defaultConfigurationIsVisible = 0;
			defaultConfigurationName = Release;
		};
		C7A346151965B46500EC08BB /* Build configuration list for PBXNativeTarget "OrmamentTests" */ = {
			isa = XCConfigurationList;
			buildConfigurations = (
				C7A346161965B46500EC08BB /* Debug */,
				C7A346171965B46500EC08BB /* Release */,
			);
			defaultConfigurationIsVisible = 0;
			defaultConfigurationName = Release;
		};
/* End XCConfigurationList section */
	};
	rootObject = C74388FC1963D134000D50AF /* Project object */;
}
